Microsoft Visual Studio Solution File, Format Version 12.00
# Visual Studio Version 17
VisualStudioVersion = 17.5.2.0
MinimumVisualStudioVersion = 10.0.40219.1
Project("{FAE04EC0-301F-11D3-BF4B-00C04F79EFBC}") = "bruv", "bruv.csproj", "{CA16F10E-206B-C2C9-EE7C-93649C0282E1}"
EndProject
Global
	GlobalSection(SolutionConfigurationPlatforms) = preSolution
		Debug|Any CPU = Debug|Any CPU
		Release|Any CPU = Release|Any CPU
	EndGlobalSection
	GlobalSection(ProjectConfigurationPlatforms) = postSolution
		{CA16F10E-206B-C2C9-EE7C-93649C0282E1}.Debug|Any CPU.ActiveCfg = Debug|Any CPU
		{CA16F10E-206B-C2C9-EE7C-93649C0282E1}.Debug|Any CPU.Build.0 = Debug|Any CPU
		{CA16F10E-206B-C2C9-EE7C-93649C0282E1}.Release|Any CPU.ActiveCfg = Release|Any CPU
		{CA16F10E-206B-C2C9-EE7C-93649C0282E1}.Release|Any CPU.Build.0 = Release|Any CPU
	EndGlobalSection
	GlobalSection(SolutionProperties) = preSolution
		HideSolutionNode = FALSE
	EndGlobalSection
	GlobalSection(ExtensibilityGlobals) = postSolution
		SolutionGuid = {EDDC8AB9-3794-4EEA-87D1-166B75F1D140}
	EndGlobalSection
EndGlobal
